
Microsoft Visual Studio Solution File, Format Version 12.00
# Visual Studio Version 17
VisualStudioVersion = 17.5.33516.290
MinimumVisualStudioVersion = 10.0.40219.1
Project("{8BC9CEB8-8B4A-11D0-8D11-00A0C91BC942}") = "MT_03_00_02", "MT_03_00_02.vcxproj", "{526A73A0-8D15-4671-9D2B-A271A89A2329}"
EndProject
Global
	GlobalSection(SolutionConfigurationPlatforms) = preSolution
		Debug|x64 = Debug|x64
		Release|x64 = Release|x64
	EndGlobalSection
	GlobalSection(ProjectConfigurationPlatforms) = postSolution
		{526A73A0-8D15-4671-9D2B-A271A89A2329}.Debug|x64.ActiveCfg = Debug|x64
		{526A73A0-8D15-4671-9D2B-A271A89A2329}.Debug|x64.Build.0 = Debug|x64
		{526A73A0-8D15-4671-9D2B-A271A89A2329}.Release|x64.ActiveCfg = Release|x64
		{526A73A0-8D15-4671-9D2B-A271A89A2329}.Release|x64.Build.0 = Release|x64
	EndGlobalSection
	GlobalSection(SolutionProperties) = preSolution
		HideSolutionNode = FALSE
	EndGlobalSection
	GlobalSection(ExtensibilityGlobals) = postSolution
		SolutionGuid = {2B43E821-D2F4-423E-9505-BC5FFE30C88F}
	EndGlobalSection
EndGlobal
